
Microsoft Visual Studio Solution File, Format Version 12.00
# Visual Studio Version 17
VisualStudioVersion = 17.3.32929.385
MinimumVisualStudioVersion = 10.0.40219.1
Project("{8BC9CEB8-8B4A-11D0-8D11-00A0C91BC942}") = "MateBook-E-Pen", "MateBook-E-Pen.vcxproj", "{5B69CAE3-D8BA-4F24-9E22-004D13330C27}"
EndProject
Global
	GlobalSection(SolutionConfigurationPlatforms) = preSolution
		Debug|ARM64EC = Debug|ARM64EC
		Debug|x64 = Debug|x64
		Release|ARM64EC = Release|ARM64EC
		Release|x64 = Release|x64
	EndGlobalSection
	GlobalSection(ProjectConfigurationPlatforms) = postSolution
		{5B69CAE3-D8BA-4F24-9E22-004D13330C27}.Debug|ARM64EC.ActiveCfg = Debug|ARM64EC
		{5B69CAE3-D8BA-4F24-9E22-004D13330C27}.Debug|ARM64EC.Build.0 = Debug|ARM64EC
		{5B69CAE3-D8BA-4F24-9E22-004D13330C27}.Debug|x64.ActiveCfg = Debug|x64
		{5B69CAE3-D8BA-4F24-9E22-004D13330C27}.Debug|x64.Build.0 = Debug|x64
		{5B69CAE3-D8BA-4F24-9E22-004D13330C27}.Release|ARM64EC.ActiveCfg = Release|ARM64EC
		{5B69CAE3-D8BA-4F24-9E22-004D13330C27}.Release|ARM64EC.Build.0 = Release|ARM64EC
		{5B69CAE3-D8BA-4F24-9E22-004D13330C27}.Release|ARM64EC.Deploy.0 = Release|ARM64EC
		{5B69CAE3-D8BA-4F24-9E22-004D13330C27}.Release|x64.ActiveCfg = Release|x64
		{5B69CAE3-D8BA-4F24-9E22-004D13330C27}.Release|x64.Build.0 = Release|x64
		{5B69CAE3-D8BA-4F24-9E22-004D13330C27}.Release|x64.Deploy.0 = Release|x64
	EndGlobalSection
	GlobalSection(SolutionProperties) = preSolution
		HideSolutionNode = FALSE
	EndGlobalSection
	GlobalSection(ExtensibilityGlobals) = postSolution
		SolutionGuid = {6C31DE67-99CD-43A8-B8C3-E63461FC749C}
	EndGlobalSection
EndGlobal
